
Microsoft Visual Studio Solution File, Format Version 12.00
# Visual Studio 14
VisualStudioVersion = 14.0.24720.0
MinimumVisualStudioVersion = 10.0.40219.1
Project("{FAE04EC0-301F-11D3-BF4B-00C04F79EFBC}") = "sender", "sender\sender.csproj", "{2919EB81-A6F5-419E-85EA-D4ED4F7605A6}"
EndProject
Project("{FAE04EC0-301F-11D3-BF4B-00C04F79EFBC}") = "receiver", "receiver\receiver.csproj", "{E5A208C8-B904-4941-8801-AA62AFE27CD6}"
EndProject
Global
	GlobalSection(SolutionConfigurationPlatforms) = preSolution
		Debug|Any CPU = Debug|Any CPU
		Release|Any CPU = Release|Any CPU
	EndGlobalSection
	GlobalSection(ProjectConfigurationPlatforms) = postSolution
		{2919EB81-A6F5-419E-85EA-D4ED4F7605A6}.Debug|Any CPU.ActiveCfg = Debug|Any CPU
		{2919EB81-A6F5-419E-85EA-D4ED4F7605A6}.Debug|Any CPU.Build.0 = Debug|Any CPU
		{2919EB81-A6F5-419E-85EA-D4ED4F7605A6}.Release|Any CPU.ActiveCfg = Release|Any CPU
		{2919EB81-A6F5-419E-85EA-D4ED4F7605A6}.Release|Any CPU.Build.0 = Release|Any CPU
		{E5A208C8-B904-4941-8801-AA62AFE27CD6}.Debug|Any CPU.ActiveCfg = Debug|Any CPU
		{E5A208C8-B904-4941-8801-AA62AFE27CD6}.Debug|Any CPU.Build.0 = Debug|Any CPU
		{E5A208C8-B904-4941-8801-AA62AFE27CD6}.Release|Any CPU.ActiveCfg = Release|Any CPU
		{E5A208C8-B904-4941-8801-AA62AFE27CD6}.Release|Any CPU.Build.0 = Release|Any CPU
	EndGlobalSection
	GlobalSection(SolutionProperties) = preSolution
		HideSolutionNode = FALSE
	EndGlobalSection
EndGlobal
